// !$*UTF8*$!
{
	archiveVersion = 1;
	classes = {
	};
	objectVersion = 55;
	objects = {

/* Begin PBXBuildFile section */
		A12EF8BF27F330ED00B3C5F5 /* AppDelegate.swift in Sources */ = {isa = PBXBuildFile; fileRef = A12EF8BE27F330ED00B3C5F5 /* AppDelegate.swift */; };
		A12EF8C127F330ED00B3C5F5 /* SceneDelegate.swift in Sources */ = {isa = PBXBuildFile; fileRef = A12EF8C027F330ED00B3C5F5 /* SceneDelegate.swift */; };
		A12EF8C327F330ED00B3C5F5 /* HomeController.swift in Sources */ = {isa = PBXBuildFile; fileRef = A12EF8C227F330ED00B3C5F5 /* HomeController.swift */; };
		A12EF8C927F330ED00B3C5F5 /* EasyNote.xcdatamodeld in Sources */ = {isa = PBXBuildFile; fileRef = A12EF8C727F330ED00B3C5F5 /* EasyNote.xcdatamodeld */; };
		A12EF8CB27F330EF00B3C5F5 /* Assets.xcassets in Resources */ = {isa = PBXBuildFile; fileRef = A12EF8CA27F330EF00B3C5F5 /* Assets.xcassets */; };
		A12EF8CE27F330EF00B3C5F5 /* LaunchScreen.storyboard in Resources */ = {isa = PBXBuildFile; fileRef = A12EF8CC27F330EF00B3C5F5 /* LaunchScreen.storyboard */; };
		A12EF8D927F330EF00B3C5F5 /* EasyNoteTests.swift in Sources */ = {isa = PBXBuildFile; fileRef = A12EF8D827F330EF00B3C5F5 /* EasyNoteTests.swift */; };
		A12EF8E327F330EF00B3C5F5 /* EasyNoteUITests.swift in Sources */ = {isa = PBXBuildFile; fileRef = A12EF8E227F330EF00B3C5F5 /* EasyNoteUITests.swift */; };
		A12EF8E527F330EF00B3C5F5 /* EasyNoteUITestsLaunchTests.swift in Sources */ = {isa = PBXBuildFile; fileRef = A12EF8E427F330EF00B3C5F5 /* EasyNoteUITestsLaunchTests.swift */; };
		A12EF8F527F3484B00B3C5F5 /* NoteListController.swift in Sources */ = {isa = PBXBuildFile; fileRef = A12EF8F427F3484B00B3C5F5 /* NoteListController.swift */; };
		A12EF8FA27F34A3400B3C5F5 /* TableView+Extensions.swift in Sources */ = {isa = PBXBuildFile; fileRef = A12EF8F927F34A3400B3C5F5 /* TableView+Extensions.swift */; };
		A12EF8FE27F353DB00B3C5F5 /* CardViewCell.swift in Sources */ = {isa = PBXBuildFile; fileRef = A12EF8FD27F353DB00B3C5F5 /* CardViewCell.swift */; };
		A12EF90127F357C800B3C5F5 /* Note.swift in Sources */ = {isa = PBXBuildFile; fileRef = A12EF90027F357C800B3C5F5 /* Note.swift */; };
/* End PBXBuildFile section */

/* Begin PBXContainerItemProxy section */
		A12EF8D527F330EF00B3C5F5 /* PBXContainerItemProxy */ = {
			isa = PBXContainerItemProxy;
			containerPortal = A12EF8B327F330ED00B3C5F5 /* Project object */;
			proxyType = 1;
			remoteGlobalIDString = A12EF8BA27F330ED00B3C5F5;
			remoteInfo = EasyNote;
		};
		A12EF8DF27F330EF00B3C5F5 /* PBXContainerItemProxy */ = {
			isa = PBXContainerItemProxy;
			containerPortal = A12EF8B327F330ED00B3C5F5 /* Project object */;
			proxyType = 1;
			remoteGlobalIDString = A12EF8BA27F330ED00B3C5F5;
			remoteInfo = EasyNote;
		};
/* End PBXContainerItemProxy section */

/* Begin PBXFileReference section */
		A12EF8BB27F330ED00B3C5F5 /* EasyNote.app */ = {isa = PBXFileReference; explicitFileType = wrapper.application; includeInIndex = 0; path = EasyNote.app; sourceTree = BUILT_PRODUCTS_DIR; };
		A12EF8BE27F330ED00B3C5F5 /* AppDelegate.swift */ = {isa = PBXFileReference; lastKnownFileType = sourcecode.swift; path = AppDelegate.swift; sourceTree = "<group>"; };
		A12EF8C027F330ED00B3C5F5 /* SceneDelegate.swift */ = {isa = PBXFileReference; lastKnownFileType = sourcecode.swift; path = SceneDelegate.swift; sourceTree = "<group>"; };
		A12EF8C227F330ED00B3C5F5 /* HomeController.swift */ = {isa = PBXFileReference; lastKnownFileType = sourcecode.swift; path = HomeController.swift; sourceTree = "<group>"; };
		A12EF8C827F330ED00B3C5F5 /* EasyNote.xcdatamodel */ = {isa = PBXFileReference; lastKnownFileType = wrapper.xcdatamodel; path = EasyNote.xcdatamodel; sourceTree = "<group>"; };
		A12EF8CA27F330EF00B3C5F5 /* Assets.xcassets */ = {isa = PBXFileReference; lastKnownFileType = folder.assetcatalog; path = Assets.xcassets; sourceTree = "<group>"; };
		A12EF8CD27F330EF00B3C5F5 /* Base */ = {isa = PBXFileReference; lastKnownFileType = file.storyboard; name = Base; path = Base.lproj/LaunchScreen.storyboard; sourceTree = "<group>"; };
		A12EF8CF27F330EF00B3C5F5 /* Info.plist */ = {isa = PBXFileReference; lastKnownFileType = text.plist.xml; path = Info.plist; sourceTree = "<group>"; };
		A12EF8D427F330EF00B3C5F5 /* EasyNoteTests.xctest */ = {isa = PBXFileReference; explicitFileType = wrapper.cfbundle; includeInIndex = 0; path = EasyNoteTests.xctest; sourceTree = BUILT_PRODUCTS_DIR; };
		A12EF8D827F330EF00B3C5F5 /* EasyNoteTests.swift */ = {isa = PBXFileReference; lastKnownFileType = sourcecode.swift; path = EasyNoteTests.swift; sourceTree = "<group>"; };
		A12EF8DE27F330EF00B3C5F5 /* EasyNoteUITests.xctest */ = {isa = PBXFileReference; explicitFileType = wrapper.cfbundle; includeInIndex = 0; path = EasyNoteUITests.xctest; sourceTree = BUILT_PRODUCTS_DIR; };
		A12EF8E227F330EF00B3C5F5 /* EasyNoteUITests.swift */ = {isa = PBXFileReference; lastKnownFileType = sourcecode.swift; path = EasyNoteUITests.swift; sourceTree = "<group>"; };
		A12EF8E427F330EF00B3C5F5 /* EasyNoteUITestsLaunchTests.swift */ = {isa = PBXFileReference; lastKnownFileType = sourcecode.swift; path = EasyNoteUITestsLaunchTests.swift; sourceTree = "<group>"; };
		A12EF8F427F3484B00B3C5F5 /* NoteListController.swift */ = {isa = PBXFileReference; lastKnownFileType = sourcecode.swift; path = NoteListController.swift; sourceTree = "<group>"; };
		A12EF8F927F34A3400B3C5F5 /* TableView+Extensions.swift */ = {isa = PBXFileReference; lastKnownFileType = sourcecode.swift; path = "TableView+Extensions.swift"; sourceTree = "<group>"; };
		A12EF8FD27F353DB00B3C5F5 /* CardViewCell.swift */ = {isa = PBXFileReference; lastKnownFileType = sourcecode.swift; path = CardViewCell.swift; sourceTree = "<group>"; };
		A12EF90027F357C800B3C5F5 /* Note.swift */ = {isa = PBXFileReference; lastKnownFileType = sourcecode.swift; path = Note.swift; sourceTree = "<group>"; };
/* End PBXFileReference section */

/* Begin PBXFrameworksBuildPhase section */
		A12EF8B827F330ED00B3C5F5 /* Frameworks */ = {
			isa = PBXFrameworksBuildPhase;
			buildActionMask = 2147483647;
			files = (
			);
			runOnlyForDeploymentPostprocessing = 0;
		};
		A12EF8D127F330EF00B3C5F5 /* Frameworks */ = {
			isa = PBXFrameworksBuildPhase;
			buildActionMask = 2147483647;
			files = (
			);
			runOnlyForDeploymentPostprocessing = 0;
		};
		A12EF8DB27F330EF00B3C5F5 /* Frameworks */ = {
			isa = PBXFrameworksBuildPhase;
			buildActionMask = 2147483647;
			files = (
			);
			runOnlyForDeploymentPostprocessing = 0;
		};
/* End PBXFrameworksBuildPhase section */

/* Begin PBXGroup section */
		A12EF8B227F330ED00B3C5F5 = {
			isa = PBXGroup;
			children = (
				A12EF8BD27F330ED00B3C5F5 /* EasyNote */,
				A12EF8D727F330EF00B3C5F5 /* EasyNoteTests */,
				A12EF8E127F330EF00B3C5F5 /* EasyNoteUITests */,
				A12EF8BC27F330ED00B3C5F5 /* Products */,
			);
			sourceTree = "<group>";
		};
		A12EF8BC27F330ED00B3C5F5 /* Products */ = {
			isa = PBXGroup;
			children = (
				A12EF8BB27F330ED00B3C5F5 /* EasyNote.app */,
				A12EF8D427F330EF00B3C5F5 /* EasyNoteTests.xctest */,
				A12EF8DE27F330EF00B3C5F5 /* EasyNoteUITests.xctest */,
			);
			name = Products;
			sourceTree = "<group>";
		};
		A12EF8BD27F330ED00B3C5F5 /* EasyNote */ = {
			isa = PBXGroup;
			children = (
				A12EF8BE27F330ED00B3C5F5 /* AppDelegate.swift */,
				A12EF8C027F330ED00B3C5F5 /* SceneDelegate.swift */,
				A12EF8FF27F357B900B3C5F5 /* Model */,
				A12EF8FB27F3537F00B3C5F5 /* Views */,
				A12EF8F727F34A0900B3C5F5 /* Extensions */,
				A12EF8F627F3488400B3C5F5 /* Logic */,
				A12EF8F127F347F000B3C5F5 /* Scenes */,
				A12EF8CA27F330EF00B3C5F5 /* Assets.xcassets */,
				A12EF8CC27F330EF00B3C5F5 /* LaunchScreen.storyboard */,
				A12EF8CF27F330EF00B3C5F5 /* Info.plist */,
				A12EF8C727F330ED00B3C5F5 /* EasyNote.xcdatamodeld */,
			);
			path = EasyNote;
			sourceTree = "<group>";
		};
		A12EF8D727F330EF00B3C5F5 /* EasyNoteTests */ = {
			isa = PBXGroup;
			children = (
				A12EF8D827F330EF00B3C5F5 /* EasyNoteTests.swift */,
			);
			path = EasyNoteTests;
			sourceTree = "<group>";
		};
		A12EF8E127F330EF00B3C5F5 /* EasyNoteUITests */ = {
			isa = PBXGroup;
			children = (
				A12EF8E227F330EF00B3C5F5 /* EasyNoteUITests.swift */,
				A12EF8E427F330EF00B3C5F5 /* EasyNoteUITestsLaunchTests.swift */,
			);
			path = EasyNoteUITests;
			sourceTree = "<group>";
		};
		A12EF8F127F347F000B3C5F5 /* Scenes */ = {
			isa = PBXGroup;
			children = (
				A12EF8F327F3481100B3C5F5 /* List */,
				A12EF8F227F347FB00B3C5F5 /* Home */,
			);
			path = Scenes;
			sourceTree = "<group>";
		};
		A12EF8F227F347FB00B3C5F5 /* Home */ = {
			isa = PBXGroup;
			children = (
				A12EF8C227F330ED00B3C5F5 /* HomeController.swift */,
			);
			path = Home;
			sourceTree = "<group>";
		};
		A12EF8F327F3481100B3C5F5 /* List */ = {
			isa = PBXGroup;
			children = (
				A12EF8F427F3484B00B3C5F5 /* NoteListController.swift */,
			);
			path = List;
			sourceTree = "<group>";
		};
		A12EF8F627F3488400B3C5F5 /* Logic */ = {
			isa = PBXGroup;
			children = (
			);
			path = Logic;
			sourceTree = "<group>";
		};
		A12EF8F727F34A0900B3C5F5 /* Extensions */ = {
			isa = PBXGroup;
			children = (
				A12EF8F927F34A3400B3C5F5 /* TableView+Extensions.swift */,
			);
			path = Extensions;
			sourceTree = "<group>";
		};
		A12EF8FB27F3537F00B3C5F5 /* Views */ = {
			isa = PBXGroup;
			children = (
				A12EF8FC27F3538F00B3C5F5 /* TableView */,
			);
			path = Views;
			sourceTree = "<group>";
		};
		A12EF8FC27F3538F00B3C5F5 /* TableView */ = {
			isa = PBXGroup;
			children = (
				A12EF8FD27F353DB00B3C5F5 /* CardViewCell.swift */,
			);
			path = TableView;
			sourceTree = "<group>";
		};
		A12EF8FF27F357B900B3C5F5 /* Model */ = {
			isa = PBXGroup;
			children = (
				A12EF90027F357C800B3C5F5 /* Note.swift */,
			);
			path = Model;
			sourceTree = "<group>";
		};
/* End PBXGroup section */

/* Begin PBXNativeTarget section */
		A12EF8BA27F330ED00B3C5F5 /* EasyNote */ = {
			isa = PBXNativeTarget;
			buildConfigurationList = A12EF8E827F330EF00B3C5F5 /* Build configuration list for PBXNativeTarget "EasyNote" */;
			buildPhases = (
				A12EF8B727F330ED00B3C5F5 /* Sources */,
				A12EF8B827F330ED00B3C5F5 /* Frameworks */,
				A12EF8B927F330ED00B3C5F5 /* Resources */,
			);
			buildRules = (
			);
			dependencies = (
			);
			name = EasyNote;
			productName = EasyNote;
			productReference = A12EF8BB27F330ED00B3C5F5 /* EasyNote.app */;
			productType = "com.apple.product-type.application";
		};
		A12EF8D327F330EF00B3C5F5 /* EasyNoteTests */ = {
			isa = PBXNativeTarget;
			buildConfigurationList = A12EF8EB27F330EF00B3C5F5 /* Build configuration list for PBXNativeTarget "EasyNoteTests" */;
			buildPhases = (
				A12EF8D027F330EF00B3C5F5 /* Sources */,
				A12EF8D127F330EF00B3C5F5 /* Frameworks */,
				A12EF8D227F330EF00B3C5F5 /* Resources */,
			);
			buildRules = (
			);
			dependencies = (
				A12EF8D627F330EF00B3C5F5 /* PBXTargetDependency */,
			);
			name = EasyNoteTests;
			productName = EasyNoteTests;
			productReference = A12EF8D427F330EF00B3C5F5 /* EasyNoteTests.xctest */;
			productType = "com.apple.product-type.bundle.unit-test";
		};
		A12EF8DD27F330EF00B3C5F5 /* EasyNoteUITests */ = {
			isa = PBXNativeTarget;
			buildConfigurationList = A12EF8EE27F330EF00B3C5F5 /* Build configuration list for PBXNativeTarget "EasyNoteUITests" */;
			buildPhases = (
				A12EF8DA27F330EF00B3C5F5 /* Sources */,
				A12EF8DB27F330EF00B3C5F5 /* Frameworks */,
				A12EF8DC27F330EF00B3C5F5 /* Resources */,
			);
			buildRules = (
			);
			dependencies = (
				A12EF8E027F330EF00B3C5F5 /* PBXTargetDependency */,
			);
			name = EasyNoteUITests;
			productName = EasyNoteUITests;
			productReference = A12EF8DE27F330EF00B3C5F5 /* EasyNoteUITests.xctest */;
			productType = "com.apple.product-type.bundle.ui-testing";
		};
/* End PBXNativeTarget section */

/* Begin PBXProject section */
		A12EF8B327F330ED00B3C5F5 /* Project object */ = {
			isa = PBXProject;
			attributes = {
				BuildIndependentTargetsInParallel = 1;
				LastSwiftUpdateCheck = 1320;
				LastUpgradeCheck = 1320;
				TargetAttributes = {
					A12EF8BA27F330ED00B3C5F5 = {
						CreatedOnToolsVersion = 13.2.1;
					};
					A12EF8D327F330EF00B3C5F5 = {
						CreatedOnToolsVersion = 13.2.1;
						TestTargetID = A12EF8BA27F330ED00B3C5F5;
					};
					A12EF8DD27F330EF00B3C5F5 = {
						CreatedOnToolsVersion = 13.2.1;
						TestTargetID = A12EF8BA27F330ED00B3C5F5;
					};
				};
			};
			buildConfigurationList = A12EF8B627F330ED00B3C5F5 /* Build configuration list for PBXProject "EasyNote" */;
			compatibilityVersion = "Xcode 13.0";
			developmentRegion = en;
			hasScannedForEncodings = 0;
			knownRegions = (
				en,
				Base,
			);
			mainGroup = A12EF8B227F330ED00B3C5F5;
			productRefGroup = A12EF8BC27F330ED00B3C5F5 /* Products */;
			projectDirPath = "";
			projectRoot = "";
			targets = (
				A12EF8BA27F330ED00B3C5F5 /* EasyNote */,
				A12EF8D327F330EF00B3C5F5 /* EasyNoteTests */,
				A12EF8DD27F330EF00B3C5F5 /* EasyNoteUITests */,
			);
		};
/* End PBXProject section */

/* Begin PBXResourcesBuildPhase section */
		A12EF8B927F330ED00B3C5F5 /* Resources */ = {
			isa = PBXResourcesBuildPhase;
			buildActionMask = 2147483647;
			files = (
				A12EF8CE27F330EF00B3C5F5 /* LaunchScreen.storyboard in Resources */,
				A12EF8CB27F330EF00B3C5F5 /* Assets.xcassets in Resources */,
			);
			runOnlyForDeploymentPostprocessing = 0;
		};
		A12EF8D227F330EF00B3C5F5 /* Resources */ = {
			isa = PBXResourcesBuildPhase;
			buildActionMask = 2147483647;
			files = (
			);
			runOnlyForDeploymentPostprocessing = 0;
		};
		A12EF8DC27F330EF00B3C5F5 /* Resources */ = {
			isa = PBXResourcesBuildPhase;
			buildActionMask = 2147483647;
			files = (
			);
			runOnlyForDeploymentPostprocessing = 0;
		};
/* End PBXResourcesBuildPhase section */

/* Begin PBXSourcesBuildPhase section */
		A12EF8B727F330ED00B3C5F5 /* Sources */ = {
			isa = PBXSourcesBuildPhase;
			buildActionMask = 2147483647;
			files = (
				A12EF8C327F330ED00B3C5F5 /* HomeController.swift in Sources */,
				A12EF8FA27F34A3400B3C5F5 /* TableView+Extensions.swift in Sources */,
				A12EF8C927F330ED00B3C5F5 /* EasyNote.xcdatamodeld in Sources */,
				A12EF90127F357C800B3C5F5 /* Note.swift in Sources */,
				A12EF8BF27F330ED00B3C5F5 /* AppDelegate.swift in Sources */,
				A12EF8C127F330ED00B3C5F5 /* SceneDelegate.swift in Sources */,
				A12EF8F527F3484B00B3C5F5 /* NoteListController.swift in Sources */,
				A12EF8FE27F353DB00B3C5F5 /* CardViewCell.swift in Sources */,
			);
			runOnlyForDeploymentPostprocessing = 0;
		};
		A12EF8D027F330EF00B3C5F5 /* Sources */ = {
			isa = PBXSourcesBuildPhase;
			buildActionMask = 2147483647;
			files = (
				A12EF8D927F330EF00B3C5F5 /* EasyNoteTests.swift in Sources */,
			);
			runOnlyForDeploymentPostprocessing = 0;
		};
		A12EF8DA27F330EF00B3C5F5 /* Sources */ = {
			isa = PBXSourcesBuildPhase;
			buildActionMask = 2147483647;
			files = (
				A12EF8E527F330EF00B3C5F5 /* EasyNoteUITestsLaunchTests.swift in Sources */,
				A12EF8E327F330EF00B3C5F5 /* EasyNoteUITests.swift in Sources */,
			);
			runOnlyForDeploymentPostprocessing = 0;
		};
/* End PBXSourcesBuildPhase section */

/* Begin PBXTargetDependency section */
		A12EF8D627F330EF00B3C5F5 /* PBXTargetDependency */ = {
			isa = PBXTargetDependency;
			target = A12EF8BA27F330ED00B3C5F5 /* EasyNote */;
			targetProxy = A12EF8D527F330EF00B3C5F5 /* PBXContainerItemProxy */;
		};
		A12EF8E027F330EF00B3C5F5 /* PBXTargetDependency */ = {
			isa = PBXTargetDependency;
			target = A12EF8BA27F330ED00B3C5F5 /* EasyNote */;
			targetProxy = A12EF8DF27F330EF00B3C5F5 /* PBXContainerItemProxy */;
		};
/* End PBXTargetDependency section */

/* Begin PBXVariantGroup section */
		A12EF8CC27F330EF00B3C5F5 /* LaunchScreen.storyboard */ = {
			isa = PBXVariantGroup;
			children = (
				A12EF8CD27F330EF00B3C5F5 /* Base */,
			);
			name = LaunchScreen.storyboard;
			sourceTree = "<group>";
		};
/* End PBXVariantGroup section */

/* Begin XCBuildConfiguration section */
		A12EF8E627F330EF00B3C5F5 /* Debug */ = {
			isa = XCBuildConfiguration;
			buildSettings = {
				ALWAYS_SEARCH_USER_PATHS = NO;
				CLANG_ANALYZER_NONNULL = YES;
				CLANG_ANALYZER_NUMBER_OBJECT_CONVERSION = YES_AGGRESSIVE;
				CLANG_CXX_LANGUAGE_STANDARD = "gnu++17";
				CLANG_CXX_LIBRARY = "libc++";
				CLANG_ENABLE_MODULES = YES;
				CLANG_ENABLE_OBJC_ARC = YES;
				CLANG_ENABLE_OBJC_WEAK = YES;
				CLANG_WARN_BLOCK_CAPTURE_AUTORELEASING = YES;
				CLANG_WARN_BOOL_CONVERSION = YES;
				CLANG_WARN_COMMA = YES;
				CLANG_WARN_CONSTANT_CONVERSION = YES;
				CLANG_WARN_DEPRECATED_OBJC_IMPLEMENTATIONS = YES;
				CLANG_WARN_DIRECT_OBJC_ISA_USAGE = YES_ERROR;
				CLANG_WARN_DOCUMENTATION_COMMENTS = YES;
				CLANG_WARN_EMPTY_BODY = YES;
				CLANG_WARN_ENUM_CONVERSION = YES;
				CLANG_WARN_INFINITE_RECURSION = YES;
				CLANG_WARN_INT_CONVERSION = YES;
				CLANG_WARN_NON_LITERAL_NULL_CONVERSION = YES;
				CLANG_WARN_OBJC_IMPLICIT_RETAIN_SELF = YES;
				CLANG_WARN_OBJC_LITERAL_CONVERSION = YES;
				CLANG_WARN_OBJC_ROOT_CLASS = YES_ERROR;
				CLANG_WARN_QUOTED_INCLUDE_IN_FRAMEWORK_HEADER = YES;
				CLANG_WARN_RANGE_LOOP_ANALYSIS = YES;
				CLANG_WARN_STRICT_PROTOTYPES = YES;
				CLANG_WARN_SUSPICIOUS_MOVE = YES;
				CLANG_WARN_UNGUARDED_AVAILABILITY = YES_AGGRESSIVE;
				CLANG_WARN_UNREACHABLE_CODE = YES;
				CLANG_WARN__DUPLICATE_METHOD_MATCH = YES;
				COPY_PHASE_STRIP = NO;
				DEBUG_INFORMATION_FORMAT = dwarf;
				ENABLE_STRICT_OBJC_MSGSEND = YES;
				ENABLE_TESTABILITY = YES;
				GCC_C_LANGUAGE_STANDARD = gnu11;
				GCC_DYNAMIC_NO_PIC = NO;
				GCC_NO_COMMON_BLOCKS = YES;
				GCC_OPTIMIZATION_LEVEL = 0;
				GCC_PREPROCESSOR_DEFINITIONS = (
					"DEBUG=1",
					"$(inherited)",
				);
				GCC_WARN_64_TO_32_BIT_CONVERSION = YES;
				GCC_WARN_ABOUT_RETURN_TYPE = YES_ERROR;
				GCC_WARN_UNDECLARED_SELECTOR = YES;
				GCC_WARN_UNINITIALIZED_AUTOS = YES_AGGRESSIVE;
				GCC_WARN_UNUSED_FUNCTION = YES;
				GCC_WARN_UNUSED_VARIABLE = YES;
				IPHONEOS_DEPLOYMENT_TARGET = 15.2;
				MTL_ENABLE_DEBUG_INFO = INCLUDE_SOURCE;
				MTL_FAST_MATH = YES;
				ONLY_ACTIVE_ARCH = YES;
				SDKROOT = iphoneos;
				SWIFT_ACTIVE_COMPILATION_CONDITIONS = DEBUG;
				SWIFT_OPTIMIZATION_LEVEL = "-Onone";
			};
			name = Debug;
		};
		A12EF8E727F330EF00B3C5F5 /* Release */ = {
			isa = XCBuildConfiguration;
			buildSettings = {
				ALWAYS_SEARCH_USER_PATHS = NO;
				CLANG_ANALYZER_NONNULL = YES;
				CLANG_ANALYZER_NUMBER_OBJECT_CONVERSION = YES_AGGRESSIVE;
				CLANG_CXX_LANGUAGE_STANDARD = "gnu++17";
				CLANG_CXX_LIBRARY = "libc++";
				CLANG_ENABLE_MODULES = YES;
				CLANG_ENABLE_OBJC_ARC = YES;
				CLANG_ENABLE_OBJC_WEAK = YES;
				CLANG_WARN_BLOCK_CAPTURE_AUTORELEASING = YES;
				CLANG_WARN_BOOL_CONVERSION = YES;
				CLANG_WARN_COMMA = YES;
				CLANG_WARN_CONSTANT_CONVERSION = YES;
				CLANG_WARN_DEPRECATED_OBJC_IMPLEMENTATIONS = YES;
				CLANG_WARN_DIRECT_OBJC_ISA_USAGE = YES_ERROR;
				CLANG_WARN_DOCUMENTATION_COMMENTS = YES;
				CLANG_WARN_EMPTY_BODY = YES;
				CLANG_WARN_ENUM_CONVERSION = YES;
				CLANG_WARN_INFINITE_RECURSION = YES;
				CLANG_WARN_INT_CONVERSION = YES;
				CLANG_WARN_NON_LITERAL_NULL_CONVERSION = YES;
				CLANG_WARN_OBJC_IMPLICIT_RETAIN_SELF = YES;
				CLANG_WARN_OBJC_LITERAL_CONVERSION = YES;
				CLANG_WARN_OBJC_ROOT_CLASS = YES_ERROR;
				CLANG_WARN_QUOTED_INCLUDE_IN_FRAMEWORK_HEADER = YES;
				CLANG_WARN_RANGE_LOOP_ANALYSIS = YES;
				CLANG_WARN_STRICT_PROTOTYPES = YES;
				CLANG_WARN_SUSPICIOUS_MOVE = YES;
				CLANG_WARN_UNGUARDED_AVAILABILITY = YES_AGGRESSIVE;
				CLANG_WARN_UNREACHABLE_CODE = YES;
				CLANG_WARN__DUPLICATE_METHOD_MATCH = YES;
				COPY_PHASE_STRIP = NO;
				DEBUG_INFORMATION_FORMAT = "dwarf-with-dsym";
				ENABLE_NS_ASSERTIONS = NO;
				ENABLE_STRICT_OBJC_MSGSEND = YES;
				GCC_C_LANGUAGE_STANDARD = gnu11;
				GCC_NO_COMMON_BLOCKS = YES;
				GCC_WARN_64_TO_32_BIT_CONVERSION = YES;
				GCC_WARN_ABOUT_RETURN_TYPE = YES_ERROR;
				GCC_WARN_UNDECLARED_SELECTOR = YES;
				GCC_WARN_UNINITIALIZED_AUTOS = YES_AGGRESSIVE;
				GCC_WARN_UNUSED_FUNCTION = YES;
				GCC_WARN_UNUSED_VARIABLE = YES;
				IPHONEOS_DEPLOYMENT_TARGET = 15.2;
				MTL_ENABLE_DEBUG_INFO = NO;
				MTL_FAST_MATH = YES;
				SDKROOT = iphoneos;
				SWIFT_COMPILATION_MODE = wholemodule;
				SWIFT_OPTIMIZATION_LEVEL = "-O";
				VALIDATE_PRODUCT = YES;
			};
			name = Release;
		};
		A12EF8E927F330EF00B3C5F5 /* Debug */ = {
			isa = XCBuildConfiguration;
			buildSettings = {
				ASSETCATALOG_COMPILER_APPICON_NAME = AppIcon;
				ASSETCATALOG_COMPILER_GLOBAL_ACCENT_COLOR_NAME = AccentColor;
				CODE_SIGN_STYLE = Automatic;
				CURRENT_PROJECT_VERSION = 1;
				DEVELOPMENT_TEAM = NF5QWX4TJZ;
				GENERATE_INFOPLIST_FILE = YES;
				INFOPLIST_FILE = EasyNote/Info.plist;
				INFOPLIST_KEY_UIApplicationSupportsIndirectInputEvents = YES;
				INFOPLIST_KEY_UILaunchStoryboardName = LaunchScreen;
				INFOPLIST_KEY_UISupportedInterfaceOrientations = UIInterfaceOrientationPortrait;
				INFOPLIST_KEY_UISupportedInterfaceOrientations_iPad = "UIInterfaceOrientationPortrait UIInterfaceOrientationPortraitUpsideDown UIInterfaceOrientationLandscapeLeft UIInterfaceOrientationLandscapeRight";
				INFOPLIST_KEY_UISupportedInterfaceOrientations_iPhone = "UIInterfaceOrientationPortrait UIInterfaceOrientationLandscapeLeft UIInterfaceOrientationLandscapeRight";
				LD_RUNPATH_SEARCH_PATHS = (
					"$(inherited)",
					"@executable_path/Frameworks",
				);
				MARKETING_VERSION = 1.0;
				PRODUCT_BUNDLE_IDENTIFIER = com.nicolocurioni.EasyNote;
				PRODUCT_NAME = "$(TARGET_NAME)";
				SWIFT_EMIT_LOC_STRINGS = YES;
				SWIFT_VERSION = 5.0;
				TARGETED_DEVICE_FAMILY = 1;
			};
			name = Debug;
		};
		A12EF8EA27F330EF00B3C5F5 /* Release */ = {
			isa = XCBuildConfiguration;
			buildSettings = {
				ASSETCATALOG_COMPILER_APPICON_NAME = AppIcon;
				ASSETCATALOG_COMPILER_GLOBAL_ACCENT_COLOR_NAME = AccentColor;
				CODE_SIGN_STYLE = Automatic;
				CURRENT_PROJECT_VERSION = 1;
				DEVELOPMENT_TEAM = NF5QWX4TJZ;
				GENERATE_INFOPLIST_FILE = YES;
				INFOPLIST_FILE = EasyNote/Info.plist;
				INFOPLIST_KEY_UIApplicationSupportsIndirectInputEvents = YES;
				INFOPLIST_KEY_UILaunchStoryboardName = LaunchScreen;
				INFOPLIST_KEY_UISupportedInterfaceOrientations = UIInterfaceOrientationPortrait;
				INFOPLIST_KEY_UISupportedInterfaceOrientations_iPad = "UIInterfaceOrientationPortrait UIInterfaceOrientationPortraitUpsideDown UIInterfaceOrientationLandscapeLeft UIInterfaceOrientationLandscapeRight";
				INFOPLIST_KEY_UISupportedInterfaceOrientations_iPhone = "UIInterfaceOrientationPortrait UIInterfaceOrientationLandscapeLeft UIInterfaceOrientationLandscapeRight";
				LD_RUNPATH_SEARCH_PATHS = (
					"$(inherited)",
					"@executable_path/Frameworks",
				);
				MARKETING_VERSION = 1.0;
				PRODUCT_BUNDLE_IDENTIFIER = com.nicolocurioni.EasyNote;
				PRODUCT_NAME = "$(TARGET_NAME)";
				SWIFT_EMIT_LOC_STRINGS = YES;
				SWIFT_VERSION = 5.0;
				TARGETED_DEVICE_FAMILY = 1;
			};
			name = Release;
		};
		A12EF8EC27F330EF00B3C5F5 /* Debug */ = {
			isa = XCBuildConfiguration;
			buildSettings = {
				ALWAYS_EMBED_SWIFT_STANDARD_LIBRARIES = YES;
				BUNDLE_LOADER = "$(TEST_HOST)";
				CODE_SIGN_STYLE = Automatic;
				CURRENT_PROJECT_VERSION = 1;
				DEVELOPMENT_TEAM = NF5QWX4TJZ;
				GENERATE_INFOPLIST_FILE = YES;
				IPHONEOS_DEPLOYMENT_TARGET = 15.2;
				MARKETING_VERSION = 1.0;
				PRODUCT_BUNDLE_IDENTIFIER = com.nicolocurioni.EasyNoteTests;
				PRODUCT_NAME = "$(TARGET_NAME)";
				SWIFT_EMIT_LOC_STRINGS = NO;
				SWIFT_VERSION = 5.0;
				TARGETED_DEVICE_FAMILY = "1,2";
				TEST_HOST = "$(BUILT_PRODUCTS_DIR)/EasyNote.app/EasyNote";
			};
			name = Debug;
		};
		A12EF8ED27F330EF00B3C5F5 /* Release */ = {
			isa = XCBuildConfiguration;
			buildSettings = {
				ALWAYS_EMBED_SWIFT_STANDARD_LIBRARIES = YES;
				BUNDLE_LOADER = "$(TEST_HOST)";
				CODE_SIGN_STYLE = Automatic;
				CURRENT_PROJECT_VERSION = 1;
				DEVELOPMENT_TEAM = NF5QWX4TJZ;
				GENERATE_INFOPLIST_FILE = YES;
				IPHONEOS_DEPLOYMENT_TARGET = 15.2;
				MARKETING_VERSION = 1.0;
				PRODUCT_BUNDLE_IDENTIFIER = com.nicolocurioni.EasyNoteTests;
				PRODUCT_NAME = "$(TARGET_NAME)";
				SWIFT_EMIT_LOC_STRINGS = NO;
				SWIFT_VERSION = 5.0;
				TARGETED_DEVICE_FAMILY = "1,2";
				TEST_HOST = "$(BUILT_PRODUCTS_DIR)/EasyNote.app/EasyNote";
			};
			name = Release;
		};
		A12EF8EF27F330EF00B3C5F5 /* Debug */ = {
			isa = XCBuildConfiguration;
			buildSettings = {
				ALWAYS_EMBED_SWIFT_STANDARD_LIBRARIES = YES;
				CODE_SIGN_STYLE = Automatic;
				CURRENT_PROJECT_VERSION = 1;
				DEVELOPMENT_TEAM = NF5QWX4TJZ;
				GENERATE_INFOPLIST_FILE = YES;
				MARKETING_VERSION = 1.0;
				PRODUCT_BUNDLE_IDENTIFIER = com.nicolocurioni.EasyNoteUITests;
				PRODUCT_NAME = "$(TARGET_NAME)";
				SWIFT_EMIT_LOC_STRINGS = NO;
				SWIFT_VERSION = 5.0;
				TARGETED_DEVICE_FAMILY = "1,2";
				TEST_TARGET_NAME = EasyNote;
			};
			name = Debug;
		};
		A12EF8F027F330EF00B3C5F5 /* Release */ = {
			isa = XCBuildConfiguration;
			buildSettings = {
				ALWAYS_EMBED_SWIFT_STANDARD_LIBRARIES = YES;
				CODE_SIGN_STYLE = Automatic;
				CURRENT_PROJECT_VERSION = 1;
				DEVELOPMENT_TEAM = NF5QWX4TJZ;
				GENERATE_INFOPLIST_FILE = YES;
				MARKETING_VERSION = 1.0;
				PRODUCT_BUNDLE_IDENTIFIER = com.nicolocurioni.EasyNoteUITests;
				PRODUCT_NAME = "$(TARGET_NAME)";
				SWIFT_EMIT_LOC_STRINGS = NO;
				SWIFT_VERSION = 5.0;
				TARGETED_DEVICE_FAMILY = "1,2";
				TEST_TARGET_NAME = EasyNote;
			};
			name = Release;
		};
/* End XCBuildConfiguration section */

/* Begin XCConfigurationList section */
		A12EF8B627F330ED00B3C5F5 /* Build configuration list for PBXProject "EasyNote" */ = {
			isa = XCConfigurationList;
			buildConfigurations = (
				A12EF8E627F330EF00B3C5F5 /* Debug */,
				A12EF8E727F330EF00B3C5F5 /* Release */,
			);
			defaultConfigurationIsVisible = 0;
			defaultConfigurationName = Release;
		};
		A12EF8E827F330EF00B3C5F5 /* Build configuration list for PBXNativeTarget "EasyNote" */ = {
			isa = XCConfigurationList;
			buildConfigurations = (
				A12EF8E927F330EF00B3C5F5 /* Debug */,
				A12EF8EA27F330EF00B3C5F5 /* Release */,
			);
			defaultConfigurationIsVisible = 0;
			defaultConfigurationName = Release;
		};
		A12EF8EB27F330EF00B3C5F5 /* Build configuration list for PBXNativeTarget "EasyNoteTests" */ = {
			isa = XCConfigurationList;
			buildConfigurations = (
				A12EF8EC27F330EF00B3C5F5 /* Debug */,
				A12EF8ED27F330EF00B3C5F5 /* Release */,
			);
			defaultConfigurationIsVisible = 0;
			defaultConfigurationName = Release;
		};
		A12EF8EE27F330EF00B3C5F5 /* Build configuration list for PBXNativeTarget "EasyNoteUITests" */ = {
			isa = XCConfigurationList;
			buildConfigurations = (
				A12EF8EF27F330EF00B3C5F5 /* Debug */,
				A12EF8F027F330EF00B3C5F5 /* Release */,
			);
			defaultConfigurationIsVisible = 0;
			defaultConfigurationName = Release;
		};
/* End XCConfigurationList section */

/* Begin XCVersionGroup section */
		A12EF8C727F330ED00B3C5F5 /* EasyNote.xcdatamodeld */ = {
			isa = XCVersionGroup;
			children = (
				A12EF8C827F330ED00B3C5F5 /* EasyNote.xcdatamodel */,
			);
			currentVersion = A12EF8C827F330ED00B3C5F5 /* EasyNote.xcdatamodel */;
			path = EasyNote.xcdatamodeld;
			sourceTree = "<group>";
			versionGroupType = wrapper.xcdatamodel;
		};
/* End XCVersionGroup section */
	};
	rootObject = A12EF8B327F330ED00B3C5F5 /* Project object */;
}
